PODS:
  - Adapty (2.6.1)
  - Capacitor (5.0.5):
    - CapacitorCordova
  - CapacitorCordova (5.0.5)

DEPENDENCIES:
  - Adapty (~> 2.6.1)
  - "Capacitor (from `../node_modules/@capacitor/ios`)"
  - "CapacitorCordova (from `../node_modules/@capacitor/ios`)"

SPEC REPOS:
  trunk:
    - Adapty

EXTERNAL SOURCES:
  Capacitor:
    :path: "../node_modules/@capacitor/ios"
  CapacitorCordova:
    :path: "../node_modules/@capacitor/ios"

SPEC CHECKSUMS:
  Adapty: 8c82cb36d13083d44cad19a48066b947671ab4b4
  Capacitor: b1248915663add1bd6567e2b67c1c1fa3abcf5e8
  CapacitorCordova: f8c06b897c74ee8f7701fe10e6443b40822bc83a

PODFILE CHECKSUM: 195e0125d1970f6e045176db286f9050155d3a91

COCOAPODS: 1.12.1
