PODS:
  - Adapty (1.17.7)
  - Capacitor (3.6.0):
    - CapacitorCordova
  - CapacitorCordova (3.6.0)

DEPENDENCIES:
  - Adapty (~> 1.17.7)
  - "Capacitor (from `../node_modules/@capacitor/ios`)"
  - "CapacitorCordova (from `../node_modules/@capacitor/ios`)"

SPEC REPOS:
  trunk:
    - Adapty

EXTERNAL SOURCES:
  Capacitor:
    :path: "../node_modules/@capacitor/ios"
  CapacitorCordova:
    :path: "../node_modules/@capacitor/ios"

SPEC CHECKSUMS:
  Adapty: 7b0d95d78b86df348dd9c488c6955624f671e53a
  Capacitor: 838de9244464702bc67e3d47e81c471b79500059
  CapacitorCordova: d4a821a58b9b14452b05c583b0e52379e45810e5

PODFILE CHECKSUM: 6ae7ef8b8f9e6b31ae5ee763adcd97360f11c1e1

COCOAPODS: 1.10.1
