PODS:
  - Adapty (1.17.3)
  - Capacitor (2.4.7):
    - CapacitorCordova
  - CapacitorCordova (2.4.7)

DEPENDENCIES:
  - Adapty (~> 1.17.3)
  - "Capacitor (from `../node_modules/@capacitor/ios`)"
  - "CapacitorCordova (from `../node_modules/@capacitor/ios`)"

SPEC REPOS:
  trunk:
    - Adapty

EXTERNAL SOURCES:
  Capacitor:
    :path: "../node_modules/@capacitor/ios"
  CapacitorCordova:
    :path: "../node_modules/@capacitor/ios"

SPEC CHECKSUMS:
  Adapty: ac31933051e8a0f63518beca0f637c16c197dfa8
  Capacitor: 4cd7b342d5a15b1f6f333d687358953afd7b2d8b
  CapacitorCordova: 2c9d6e28d9d86c4da087fa2c3537c1841954bb12

PODFILE CHECKSUM: 2f9e573835ccdfa377ac69adea3f9e98cdaeedfc

COCOAPODS: 1.10.1
